{
  "requires": true,
  "lockfileVersion": 1,
  "dependencies": {
    "lucide-react": {
      "version": "1.17.0",
      "resolved": "https://registry.npmjs.org/lucide-react/-/lucide-react-1.17.0.tgz",
      "integrity": "sha512-9FA9evdox/JQL5PT57fdA1x/yg8T7knJ98+zjTL3UfKza6pflQUUh3XtaQIHKvnsJw1lmsEyHVlt5jchYxOQ5w=="
    }
  }
}
